lockfileVersion: '6.0'

settings:
  autoInstallPeers: true
  excludeLinksFromLockfile: false

dependencies:
  xstate:
    specifier: ^5.9.1
    version: 5.9.1

packages:

  /xstate@5.9.1:
    resolution: {integrity: sha512-85edx7iMqRJSRlEPevDwc98EWDYUlT5zEQ54AXuRVR+G76gFbcVTAUdtAeqOVxy8zYnUr9FBB5114iK6enljjw==}
    dev: false
